
Microsoft Visual Studio Solution File, Format Version 12.00
# Visual Studio Version 16
VisualStudioVersion = 16.0.30907.101
MinimumVisualStudioVersion = 10.0.40219.1
Project("{FAE04EC0-301F-11D3-BF4B-00C04F79EFBC}") = "FinanceExchangeOffice", "FinanceExchangeOffice\FinanceExchangeOffice.csproj", "{70A09B8E-6467-48D4-B3B0-80C358022996}"
EndProject
Global
	GlobalSection(SolutionConfigurationPlatforms) = preSolution
		Debug|Any CPU = Debug|Any CPU
		Release|Any CPU = Release|Any CPU
	EndGlobalSection
	GlobalSection(ProjectConfigurationPlatforms) = postSolution
		{70A09B8E-6467-48D4-B3B0-80C358022996}.Debug|Any CPU.ActiveCfg = Debug|Any CPU
		{70A09B8E-6467-48D4-B3B0-80C358022996}.Debug|Any CPU.Build.0 = Debug|Any CPU
		{70A09B8E-6467-48D4-B3B0-80C358022996}.Release|Any CPU.ActiveCfg = Release|Any CPU
		{70A09B8E-6467-48D4-B3B0-80C358022996}.Release|Any CPU.Build.0 = Release|Any CPU
	EndGlobalSection
	GlobalSection(SolutionProperties) = preSolution
		HideSolutionNode = FALSE
	EndGlobalSection
	GlobalSection(ExtensibilityGlobals) = postSolution
		SolutionGuid = {BEBF908B-1392-48C5-B1C2-BCAE12E5C2CF}
	EndGlobalSection
EndGlobal
